{
  "name": "sinister-six",
  "version": "1.0.0",
  "lockfileVersion": 2,
  "requires": true,
  "packages": {
    "": {
      "version": "1.0.0",
      "license": "MIT",
      "dependencies": {
        "markdown-it": "^12.1.0",
        "markdown-it-anchor": "^8.1.2",
        "markdown-it-attrs": "^4.0.0",
        "markdown-it-footnote": "^3.0.3",
        "markdown-it-image-figures": "^1.2.0",
        "markdown-it-mark": "^3.0.1"
      }
    },
    "node_modules/argparse": {
      "version": "2.0.1",
      "resolved": "https://registry.npmjs.org/argparse/-/argparse-2.0.1.tgz",
      "integrity": "sha512-8+9WqebbFzpX9OR+Wa6O29asIogeRMzcGtAINdpMHHyAg10f05aSFVBbcEqGf/PXw1EjAZ+q2/bEBg3DvurK3Q=="
    },
    "node_modules/entities": {
      "version": "2.1.0",
      "resolved": "https://registry.npmjs.org/entities/-/entities-2.1.0.tgz",
      "integrity": "sha512-hCx1oky9PFrJ611mf0ifBLBRW8lUUVRlFolb5gWRfIELabBlbp9xZvrqZLZAs+NxFnbfQoeGd8wDkygjg7U85w==",
      "funding": {
        "url": "https://github.com/fb55/entities?sponsor=1"
      }
    },
    "node_modules/fast-xml-parser": {
      "version": "3.19.0",
      "resolved": "https://registry.npmjs.org/fast-xml-parser/-/fast-xml-parser-3.19.0.tgz",
      "integrity": "sha512-4pXwmBplsCPv8FOY1WRakF970TjNGnGnfbOnLqjlYvMiF1SR3yOHyxMR/YCXpPTOspNF5gwudqktIP4VsWkvBg==",
      "bin": {
        "xml2js": "cli.js"
      },
      "funding": {
        "type": "paypal",
        "url": "https://paypal.me/naturalintelligence"
      }
    },
    "node_modules/is-svg": {
      "version": "4.3.1",
      "resolved": "https://registry.npmjs.org/is-svg/-/is-svg-4.3.1.tgz",
      "integrity": "sha512-h2CGs+yPUyvkgTJQS9cJzo9lYK06WgRiXUqBBHtglSzVKAuH4/oWsqk7LGfbSa1hGk9QcZ0SyQtVggvBA8LZXA==",
      "dependencies": {
        "fast-xml-parser": "^3.19.0"
      },
      "engines": {
        "node": ">=6"
      },
      "funding": {
        "url": "https://github.com/sponsors/sindresorhus"
      }
    },
    "node_modules/linkify-it": {
      "version": "3.0.2",
      "resolved": "https://registry.npmjs.org/linkify-it/-/linkify-it-3.0.2.tgz",
      "integrity": "sha512-gDBO4aHNZS6coiZCKVhSNh43F9ioIL4JwRjLZPkoLIY4yZFwg264Y5lu2x6rb1Js42Gh6Yqm2f6L2AJcnkzinQ==",
      "dependencies": {
        "uc.micro": "^1.0.1"
      }
    },
    "node_modules/markdown-it": {
      "version": "12.1.0",
      "resolved": "https://registry.npmjs.org/markdown-it/-/markdown-it-12.1.0.tgz",
      "integrity": "sha512-7temG6IFOOxfU0SgzhqR+vr2diuMhyO5uUIEZ3C5NbXhqC9uFUHoU41USYuDFoZRsaY7BEIEei874Z20VMLF6A==",
      "dependencies": {
        "argparse": "^2.0.1",
        "entities": "~2.1.0",
        "linkify-it": "^3.0.1",
        "mdurl": "^1.0.1",
        "uc.micro": "^1.0.5"
      },
      "bin": {
        "markdown-it": "bin/markdown-it.js"
      }
    },
    "node_modules/markdown-it-anchor": {
      "version": "8.1.2",
      "resolved": "https://registry.npmjs.org/markdown-it-anchor/-/markdown-it-anchor-8.1.2.tgz",
      "integrity": "sha512-9D58TKK4dakqmjcmVuqHoB3ntKBpQJ0Ld38B83aiHJcBD72IZIyPjNtihPA6ayRI5WD33e1W68mArliNLHCprg==",
      "peerDependencies": {
        "markdown-it": "*"
      }
    },
    "node_modules/markdown-it-attrs": {
      "version": "4.0.0",
      "resolved": "https://registry.npmjs.org/markdown-it-attrs/-/markdown-it-attrs-4.0.0.tgz",
      "integrity": "sha512-uLjtdCmhhmL3BuZsReYkFxk74qKjj5ahe34teBpOCJ4hYZZl7/ftLyXWLowngC2moRkbLEvKwN/7TMwbhbHE/A==",
      "engines": {
        "node": ">=6"
      },
      "peerDependencies": {
        "markdown-it": ">= 9.0.0 < 13.0.0"
      }
    },
    "node_modules/markdown-it-footnote": {
      "version": "3.0.3",
      "resolved": "https://registry.npmjs.org/markdown-it-footnote/-/markdown-it-footnote-3.0.3.tgz",
      "integrity": "sha512-YZMSuCGVZAjzKMn+xqIco9d1cLGxbELHZ9do/TSYVzraooV8ypsppKNmUJ0fVH5ljkCInQAtFpm8Rb3eXSrt5w=="
    },
    "node_modules/markdown-it-image-figures": {
      "version": "1.2.0",
      "resolved": "https://registry.npmjs.org/markdown-it-image-figures/-/markdown-it-image-figures-1.2.0.tgz",
      "integrity": "sha512-VeaAqaGmd91W9UPuVVWuLE44AoGz/bifKYyQ3xjgGMnisFrzCe9kMf3ZOiGCFAVfKYsDwpTf3iNoYStOsaCFig==",
      "dependencies": {
        "is-svg": "^4.3.1"
      },
      "engines": {
        "node": ">=12.0.0"
      },
      "peerDependencies": {
        "markdown-it": "*"
      }
    },
    "node_modules/markdown-it-mark": {
      "version": "3.0.1",
      "resolved": "https://registry.npmjs.org/markdown-it-mark/-/markdown-it-mark-3.0.1.tgz",
      "integrity": "sha512-HyxjAu6BRsdt6Xcv6TKVQnkz/E70TdGXEFHRYBGLncRE9lBFwDNLVtFojKxjJWgJ+5XxUwLaHXy+2sGBbDn+4A=="
    },
    "node_modules/mdurl": {
      "version": "1.0.1",
      "resolved": "https://registry.npmjs.org/mdurl/-/mdurl-1.0.1.tgz",
      "integrity": "sha1-/oWy7HWlkDfyrf7BAP1sYBdhFS4="
    },
    "node_modules/uc.micro": {
      "version": "1.0.6",
      "resolved": "https://registry.npmjs.org/uc.micro/-/uc.micro-1.0.6.tgz",
      "integrity": "sha512-8Y75pvTYkLJW2hWQHXxoqRgV7qb9B+9vFEtidML+7koHUFapnVJAZ6cKs+Qjz5Aw3aZWHMC6u0wJE3At+nSGwA=="
    }
  },
  "dependencies": {
    "argparse": {
      "version": "2.0.1",
      "resolved": "https://registry.npmjs.org/argparse/-/argparse-2.0.1.tgz",
      "integrity": "sha512-8+9WqebbFzpX9OR+Wa6O29asIogeRMzcGtAINdpMHHyAg10f05aSFVBbcEqGf/PXw1EjAZ+q2/bEBg3DvurK3Q=="
    },
    "entities": {
      "version": "2.1.0",
      "resolved": "https://registry.npmjs.org/entities/-/entities-2.1.0.tgz",
      "integrity": "sha512-hCx1oky9PFrJ611mf0ifBLBRW8lUUVRlFolb5gWRfIELabBlbp9xZvrqZLZAs+NxFnbfQoeGd8wDkygjg7U85w=="
    },
    "fast-xml-parser": {
      "version": "3.19.0",
      "resolved": "https://registry.npmjs.org/fast-xml-parser/-/fast-xml-parser-3.19.0.tgz",
      "integrity": "sha512-4pXwmBplsCPv8FOY1WRakF970TjNGnGnfbOnLqjlYvMiF1SR3yOHyxMR/YCXpPTOspNF5gwudqktIP4VsWkvBg=="
    },
    "is-svg": {
      "version": "4.3.1",
      "resolved": "https://registry.npmjs.org/is-svg/-/is-svg-4.3.1.tgz",
      "integrity": "sha512-h2CGs+yPUyvkgTJQS9cJzo9lYK06WgRiXUqBBHtglSzVKAuH4/oWsqk7LGfbSa1hGk9QcZ0SyQtVggvBA8LZXA==",
      "requires": {
        "fast-xml-parser": "^3.19.0"
      }
    },
    "linkify-it": {
      "version": "3.0.2",
      "resolved": "https://registry.npmjs.org/linkify-it/-/linkify-it-3.0.2.tgz",
      "integrity": "sha512-gDBO4aHNZS6coiZCKVhSNh43F9ioIL4JwRjLZPkoLIY4yZFwg264Y5lu2x6rb1Js42Gh6Yqm2f6L2AJcnkzinQ==",
      "requires": {
        "uc.micro": "^1.0.1"
      }
    },
    "markdown-it": {
      "version": "12.1.0",
      "resolved": "https://registry.npmjs.org/markdown-it/-/markdown-it-12.1.0.tgz",
      "integrity": "sha512-7temG6IFOOxfU0SgzhqR+vr2diuMhyO5uUIEZ3C5NbXhqC9uFUHoU41USYuDFoZRsaY7BEIEei874Z20VMLF6A==",
      "requires": {
        "argparse": "^2.0.1",
        "entities": "~2.1.0",
        "linkify-it": "^3.0.1",
        "mdurl": "^1.0.1",
        "uc.micro": "^1.0.5"
      }
    },
    "markdown-it-anchor": {
      "version": "8.1.2",
      "resolved": "https://registry.npmjs.org/markdown-it-anchor/-/markdown-it-anchor-8.1.2.tgz",
      "integrity": "sha512-9D58TKK4dakqmjcmVuqHoB3ntKBpQJ0Ld38B83aiHJcBD72IZIyPjNtihPA6ayRI5WD33e1W68mArliNLHCprg==",
      "requires": {}
    },
    "markdown-it-attrs": {
      "version": "4.0.0",
      "resolved": "https://registry.npmjs.org/markdown-it-attrs/-/markdown-it-attrs-4.0.0.tgz",
      "integrity": "sha512-uLjtdCmhhmL3BuZsReYkFxk74qKjj5ahe34teBpOCJ4hYZZl7/ftLyXWLowngC2moRkbLEvKwN/7TMwbhbHE/A==",
      "requires": {}
    },
    "markdown-it-footnote": {
      "version": "3.0.3",
      "resolved": "https://registry.npmjs.org/markdown-it-footnote/-/markdown-it-footnote-3.0.3.tgz",
      "integrity": "sha512-YZMSuCGVZAjzKMn+xqIco9d1cLGxbELHZ9do/TSYVzraooV8ypsppKNmUJ0fVH5ljkCInQAtFpm8Rb3eXSrt5w=="
    },
    "markdown-it-image-figures": {
      "version": "1.2.0",
      "resolved": "https://registry.npmjs.org/markdown-it-image-figures/-/markdown-it-image-figures-1.2.0.tgz",
      "integrity": "sha512-VeaAqaGmd91W9UPuVVWuLE44AoGz/bifKYyQ3xjgGMnisFrzCe9kMf3ZOiGCFAVfKYsDwpTf3iNoYStOsaCFig==",
      "requires": {
        "is-svg": "^4.3.1"
      }
    },
    "markdown-it-mark": {
      "version": "3.0.1",
      "resolved": "https://registry.npmjs.org/markdown-it-mark/-/markdown-it-mark-3.0.1.tgz",
      "integrity": "sha512-HyxjAu6BRsdt6Xcv6TKVQnkz/E70TdGXEFHRYBGLncRE9lBFwDNLVtFojKxjJWgJ+5XxUwLaHXy+2sGBbDn+4A=="
    },
    "mdurl": {
      "version": "1.0.1",
      "resolved": "https://registry.npmjs.org/mdurl/-/mdurl-1.0.1.tgz",
      "integrity": "sha1-/oWy7HWlkDfyrf7BAP1sYBdhFS4="
    },
    "uc.micro": {
      "version": "1.0.6",
      "resolved": "https://registry.npmjs.org/uc.micro/-/uc.micro-1.0.6.tgz",
      "integrity": "sha512-8Y75pvTYkLJW2hWQHXxoqRgV7qb9B+9vFEtidML+7koHUFapnVJAZ6cKs+Qjz5Aw3aZWHMC6u0wJE3At+nSGwA=="
    }
  }
}
